# This file is autogenerated, do not edit; changes may be undone by the next 'dep ensure'.


[[projects]]
  digest = "1:29e1d5664ba9c025f128d09d69ed51ed0681407cba7037cea4881e91e3746fc8"
  name = "github.com/phpdave11/gofpdf"
  packages = ["."]
  pruneopts = "UT"
  revision = "ffef6e282d556c62ed2f41ec1a180299109544d5"
  version = "v2.7.0"

[solve-meta]
  analyzer-name = "dep"
  analyzer-version = 1
  input-imports = ["github.com/phpdave11/gofpdf"]
  solver-name = "gps-cdcl"
  solver-version = 1
